{
    "version": 3,
    "terraform_version": "0.11.10",
    "serial": 8,
    "lineage": "6a1a1459-d1e6-32cc-fb42-ab5f64d877b7",
    "modules": [
        {
            "path": [
                "root"
            ],
            "outputs": {},
            "resources": {
                "aws_instance.jenkins": {
                    "type": "aws_instance",
                    "depends_on": [
                        "aws_security_group.jenkins"
                    ],
                    "primary": {
                        "id": "i-0439bb45b4a133914",
                        "attributes": {
                            "ami": "ami-0f65671a86f061fcd",
                            "arn": "arn:aws:ec2:us-east-2:848276905077:instance/i-0439bb45b4a133914",
                            "associate_public_ip_address": "true",
                            "availability_zone": "us-east-2a",
                            "cpu_core_count": "1",
                            "cpu_threads_per_core": "1",
                            "credit_specification.#": "1",
                            "credit_specification.0.cpu_credits": "standard",
                            "disable_api_termination": "false",
                            "ebs_block_device.#": "0",
                            "ebs_optimized": "false",
                            "ephemeral_block_device.#": "0",
                            "get_password_data": "false",
                            "iam_instance_profile": "",
                            "id": "i-0439bb45b4a133914",
                            "instance_state": "running",
                            "instance_type": "t2.micro",
                            "ipv6_addresses.#": "0",
                            "key_name": "aws-peter",
                            "monitoring": "false",
                            "network_interface.#": "0",
                            "network_interface_id": "eni-0ff853422e6cb80a8",
                            "password_data": "",
                            "placement_group": "",
                            "primary_network_interface_id": "eni-0ff853422e6cb80a8",
                            "private_dns": "ip-172-31-8-93.us-east-2.compute.internal",
                            "private_ip": "172.31.8.93",
                            "public_dns": "ec2-13-58-60-105.us-east-2.compute.amazonaws.com",
                            "public_ip": "13.58.60.105",
                            "root_block_device.#": "1",
                            "root_block_device.0.delete_on_termination": "true",
                            "root_block_device.0.iops": "100",
                            "root_block_device.0.volume_id": "vol-057b7e3e2747a22ed",
                            "root_block_device.0.volume_size": "8",
                            "root_block_device.0.volume_type": "gp2",
                            "security_groups.#": "1",
                            "security_groups.1438809362": "jenkins",
                            "source_dest_check": "true",
                            "subnet_id": "subnet-a1614ac9",
                            "tags.%": "1",
                            "tags.Name": "jenkins",
                            "tenancy": "default",
                            "volume_tags.%": "0",
                            "vpc_security_group_ids.#": "1",
                            "vpc_security_group_ids.1255726735": "sg-03dcda9b3971559ea"
                        },
                        "meta": {
                            "e2bfb730-ecaa-11e6-8f88-34363bc7c4c0": {
                                "create": 600000000000,
                                "delete": 1200000000000,
                                "update": 600000000000
                            },
                            "schema_version": "1"
                        },
                        "tainted": false
                    },
                    "deposed": [],
                    "provider": "provider.aws"
                },
                "aws_security_group.jenkins": {
                    "type": "aws_security_group",
                    "depends_on": [],
                    "primary": {
                        "id": "sg-03dcda9b3971559ea",
                        "attributes": {
                            "arn": "arn:aws:ec2:us-east-2:848276905077:security-group/sg-03dcda9b3971559ea",
                            "description": "Jenkins security group",
                            "egress.#": "0",
                            "id": "sg-03dcda9b3971559ea",
                            "ingress.#": "0",
                            "name": "jenkins",
                            "owner_id": "848276905077",
                            "revoke_rules_on_delete": "false",
                            "tags.%": "1",
                            "tags.Name": "Jenkins",
                            "vpc_id": "vpc-969393fe"
                        },
                        "meta": {
                            "e2bfb730-ecaa-11e6-8f88-34363bc7c4c0": {
                                "create": 600000000000,
                                "delete": 600000000000
                            },
                            "schema_version": "1"
                        },
                        "tainted": false
                    },
                    "deposed": [],
                    "provider": "provider.aws"
                },
                "aws_security_group_rule.all_egress_jenkins": {
                    "type": "aws_security_group_rule",
                    "depends_on": [
                        "aws_security_group.jenkins"
                    ],
                    "primary": {
                        "id": "sgrule-3341249296",
                        "attributes": {
                            "cidr_blocks.#": "1",
                            "cidr_blocks.0": "0.0.0.0/0",
                            "from_port": "0",
                            "id": "sgrule-3341249296",
                            "ipv6_cidr_blocks.#": "1",
                            "ipv6_cidr_blocks.0": "::/0",
                            "protocol": "-1",
                            "security_group_id": "sg-03dcda9b3971559ea",
                            "self": "false",
                            "to_port": "0",
                            "type": "egress"
                        },
                        "meta": {
                            "schema_version": "2"
                        },
                        "tainted": true
                    },
                    "deposed": [],
                    "provider": "provider.aws"
                },
                "aws_security_group_rule.jenkins_ssh_rule": {
                    "type": "aws_security_group_rule",
                    "depends_on": [
                        "aws_security_group.jenkins"
                    ],
                    "primary": {
                        "id": "sgrule-287821166",
                        "attributes": {
                            "cidr_blocks.#": "1",
                            "cidr_blocks.0": "0.0.0.0/0",
                            "from_port": "22",
                            "id": "sgrule-287821166",
                            "ipv6_cidr_blocks.#": "1",
                            "ipv6_cidr_blocks.0": "::/0",
                            "protocol": "tcp",
                            "security_group_id": "sg-03dcda9b3971559ea",
                            "self": "false",
                            "to_port": "22",
                            "type": "ingress"
                        },
                        "meta": {
                            "schema_version": "2"
                        },
                        "tainted": false
                    },
                    "deposed": [],
                    "provider": "provider.aws"
                },
                "aws_security_group_rule.jenkins_web_rule": {
                    "type": "aws_security_group_rule",
                    "depends_on": [
                        "aws_security_group.jenkins"
                    ],
                    "primary": {
                        "id": "sgrule-746123477",
                        "attributes": {
                            "cidr_blocks.#": "1",
                            "cidr_blocks.0": "0.0.0.0/0",
                            "from_port": "8080",
                            "id": "sgrule-746123477",
                            "ipv6_cidr_blocks.#": "1",
                            "ipv6_cidr_blocks.0": "::/0",
                            "protocol": "tcp",
                            "security_group_id": "sg-03dcda9b3971559ea",
                            "self": "false",
                            "to_port": "8080",
                            "type": "ingress"
                        },
                        "meta": {
                            "schema_version": "2"
                        },
                        "tainted": false
                    },
                    "deposed": [],
                    "provider": "provider.aws"
                }
            },
            "depends_on": []
        }
    ]
}
